# This file is automatically generated by uv.
# To update, run: uv lock
# To regenerate, run: uv lock --reinstall

[[package]]
name = "streamlit"
version = "1.28.1"
description = "Streamlit: A fast way to build and share data apps."
optional = false
python-versions = ">=3.8"

[[package]]
name = "pandas"
version = "2.1.3"
description = "Powerful data structures for data analysis, time series, and statistics"
optional = false
python-versions = ">=3.9"

[[package]]
name = "numpy"
version = "1.24.3"
description = "Fundamental package for array computing in Python"
optional = false
python-versions = ">=3.8"

[[package]]
name = "geopy"
version = "2.4.0"
description = "Python Geocoding Toolbox"
optional = false
python-versions = ">=3.7"

[[package]]
name = "folium"
version = "0.14.0"
description = "Make beautiful maps with Leaflet.js & Python"
optional = false
python-versions = ">=3.7"

[[package]]
name = "streamlit-folium"
version = "0.13.0"
description = "Display Folium maps in Streamlit"
optional = false
python-versions = ">=3.7"

[[package]]
name = "Pillow"
version = "10.1.0"
description = "Python Imaging Library (Fork)"
optional = false
python-versions = ">=3.8"

[[package]]
name = "python-dotenv"
version = "1.0.0"
description = "Read key-value pairs from a .env file and set them as environment variables"
optional = false
python-versions = ">=3.7"

# Development dependencies
[[package]]
name = "pytest"
version = "7.4.3"
description = "pytest: simple powerful testing with Python"
optional = true
python-versions = ">=3.7"

[[package]]
name = "black"
version = "23.11.0"
description = "The uncompromising Python code formatter"
optional = true
python-versions = ">=3.8"

[[package]]
name = "ruff"
version = "0.1.6"
description = "An extremely fast Python linter, written in Rust"
optional = true
python-versions = ">=3.8"

[[package]]
name = "mypy"
version = "1.7.1"
description = "Optional static typing for Python"
optional = true
python-versions = ">=3.8"

# Note: This is a simplified lock file. In practice, uv would generate a much more detailed
# file with all transitive dependencies and their exact versions.
